
Microsoft Visual Studio Solution File, Format Version 12.00
# Visual Studio Version 17
VisualStudioVersion = 17.0.32112.339
MinimumVisualStudioVersion = 10.0.40219.1
Project("{9A19103F-16F7-4668-BE54-9A1E7A4F7556}") = "AutoClicker", "AutoClicker\AutoClicker.csproj", "{DA6AE9AD-DA11-4BE2-A466-5471D127798B}"
EndProject
Project("{9A19103F-16F7-4668-BE54-9A1E7A4F7556}") = "WinFormsApp1", "WinFormsApp1\WinFormsApp1.csproj", "{4A2C268D-95A9-448F-B3BC-A6D40D275FAE}"
EndProject
Project("{9A19103F-16F7-4668-BE54-9A1E7A4F7556}") = "TreatmentCloser", "TreatmentCloser\TreatmentCloser.csproj", "{B64817B9-EC24-4E99-A542-9BFC0B91B7E3}"
EndProject
Project("{FAE04EC0-301F-11D3-BF4B-00C04F79EFBC}") = "AutoClicker_Task", "AutoClicker_Task\AutoClicker_Task.csproj", "{0A9B1626-1501-4164-A856-B32AE2351F57}"
EndProject
Global
	GlobalSection(SolutionConfigurationPlatforms) = preSolution
		Debug|Any CPU = Debug|Any CPU
		Debug|x86 = Debug|x86
		Release|Any CPU = Release|Any CPU
		Release|x86 = Release|x86
	EndGlobalSection
	GlobalSection(ProjectConfigurationPlatforms) = postSolution
		{DA6AE9AD-DA11-4BE2-A466-5471D127798B}.Debug|Any CPU.ActiveCfg = Debug|Any CPU
		{DA6AE9AD-DA11-4BE2-A466-5471D127798B}.Debug|Any CPU.Build.0 = Debug|Any CPU
		{DA6AE9AD-DA11-4BE2-A466-5471D127798B}.Debug|x86.ActiveCfg = Debug|x86
		{DA6AE9AD-DA11-4BE2-A466-5471D127798B}.Debug|x86.Build.0 = Debug|x86
		{DA6AE9AD-DA11-4BE2-A466-5471D127798B}.Release|Any CPU.ActiveCfg = Release|Any CPU
		{DA6AE9AD-DA11-4BE2-A466-5471D127798B}.Release|Any CPU.Build.0 = Release|Any CPU
		{DA6AE9AD-DA11-4BE2-A466-5471D127798B}.Release|x86.ActiveCfg = Release|x86
		{DA6AE9AD-DA11-4BE2-A466-5471D127798B}.Release|x86.Build.0 = Release|x86
		{4A2C268D-95A9-448F-B3BC-A6D40D275FAE}.Debug|Any CPU.ActiveCfg = Debug|Any CPU
		{4A2C268D-95A9-448F-B3BC-A6D40D275FAE}.Debug|Any CPU.Build.0 = Debug|Any CPU
		{4A2C268D-95A9-448F-B3BC-A6D40D275FAE}.Debug|x86.ActiveCfg = Debug|Any CPU
		{4A2C268D-95A9-448F-B3BC-A6D40D275FAE}.Debug|x86.Build.0 = Debug|Any CPU
		{4A2C268D-95A9-448F-B3BC-A6D40D275FAE}.Release|Any CPU.ActiveCfg = Release|Any CPU
		{4A2C268D-95A9-448F-B3BC-A6D40D275FAE}.Release|Any CPU.Build.0 = Release|Any CPU
		{4A2C268D-95A9-448F-B3BC-A6D40D275FAE}.Release|x86.ActiveCfg = Release|Any CPU
		{4A2C268D-95A9-448F-B3BC-A6D40D275FAE}.Release|x86.Build.0 = Release|Any CPU
		{B64817B9-EC24-4E99-A542-9BFC0B91B7E3}.Debug|Any CPU.ActiveCfg = Debug|Any CPU
		{B64817B9-EC24-4E99-A542-9BFC0B91B7E3}.Debug|Any CPU.Build.0 = Debug|Any CPU
		{B64817B9-EC24-4E99-A542-9BFC0B91B7E3}.Debug|x86.ActiveCfg = Debug|Any CPU
		{B64817B9-EC24-4E99-A542-9BFC0B91B7E3}.Debug|x86.Build.0 = Debug|Any CPU
		{B64817B9-EC24-4E99-A542-9BFC0B91B7E3}.Release|Any CPU.ActiveCfg = Release|Any CPU
		{B64817B9-EC24-4E99-A542-9BFC0B91B7E3}.Release|Any CPU.Build.0 = Release|Any CPU
		{B64817B9-EC24-4E99-A542-9BFC0B91B7E3}.Release|x86.ActiveCfg = Release|Any CPU
		{B64817B9-EC24-4E99-A542-9BFC0B91B7E3}.Release|x86.Build.0 = Release|Any CPU
		{0A9B1626-1501-4164-A856-B32AE2351F57}.Debug|Any CPU.ActiveCfg = Debug|Any CPU
		{0A9B1626-1501-4164-A856-B32AE2351F57}.Debug|Any CPU.Build.0 = Debug|Any CPU
		{0A9B1626-1501-4164-A856-B32AE2351F57}.Debug|x86.ActiveCfg = Debug|Any CPU
		{0A9B1626-1501-4164-A856-B32AE2351F57}.Debug|x86.Build.0 = Debug|Any CPU
		{0A9B1626-1501-4164-A856-B32AE2351F57}.Release|Any CPU.ActiveCfg = Release|Any CPU
		{0A9B1626-1501-4164-A856-B32AE2351F57}.Release|Any CPU.Build.0 = Release|Any CPU
		{0A9B1626-1501-4164-A856-B32AE2351F57}.Release|x86.ActiveCfg = Release|Any CPU
		{0A9B1626-1501-4164-A856-B32AE2351F57}.Release|x86.Build.0 = Release|Any CPU
	EndGlobalSection
	GlobalSection(SolutionProperties) = preSolution
		HideSolutionNode = FALSE
	EndGlobalSection
	GlobalSection(ExtensibilityGlobals) = postSolution
		SolutionGuid = {98DDA15B-401C-442A-B7CE-D049EA48399D}
	EndGlobalSection
EndGlobal
